// !$*UTF8*$!
{
	archiveVersion = 1;
	classes = {
	};
	objectVersion = 46;
	objects = {

/* Begin PBXBuildFile section */
		A4C237F319C17BC30078E75C /* Foundation.framework in Frameworks */ = {isa = PBXBuildFile; fileRef = A4C237F219C17BC30078E75C /* Foundation.framework */; };
		A4C237F519C17BC30078E75C /* CoreGraphics.framework in Frameworks */ = {isa = PBXBuildFile; fileRef = A4C237F419C17BC30078E75C /* CoreGraphics.framework */; };
		A4C237F719C17BC30078E75C /* UIKit.framework in Frameworks */ = {isa = PBXBuildFile; fileRef = A4C237F619C17BC30078E75C /* UIKit.framework */; };
		A4C237FD19C17BC30078E75C /* InfoPlist.strings in Resources */ = {isa = PBXBuildFile; fileRef = A4C237FB19C17BC30078E75C /* InfoPlist.strings */; };
		A4C237FF19C17BC30078E75C /* main.m in Sources */ = {isa = PBXBuildFile; fileRef = A4C237FE19C17BC30078E75C /* main.m */; };
		A4C2380319C17BC30078E75C /* XWAppDelegate.m in Sources */ = {isa = PBXBuildFile; fileRef = A4C2380219C17BC30078E75C /* XWAppDelegate.m */; };
		A4C2380619C17BC30078E75C /* Main.storyboard in Resources */ = {isa = PBXBuildFile; fileRef = A4C2380419C17BC30078E75C /* Main.storyboard */; };
		A4C2380919C17BC30078E75C /* XWViewController.m in Sources */ = {isa = PBXBuildFile; fileRef = A4C2380819C17BC30078E75C /* XWViewController.m */; };
		A4C2380B19C17BC30078E75C /* Images.xcassets in Resources */ = {isa = PBXBuildFile; fileRef = A4C2380A19C17BC30078E75C /* Images.xcassets */; };
		A4C2381219C17BC30078E75C /* XCTest.framework in Frameworks */ = {isa = PBXBuildFile; fileRef = A4C2381119C17BC30078E75C /* XCTest.framework */; };
		A4C2381319C17BC30078E75C /* Foundation.framework in Frameworks */ = {isa = PBXBuildFile; fileRef = A4C237F219C17BC30078E75C /* Foundation.framework */; };
		A4C2381419C17BC30078E75C /* UIKit.framework in Frameworks */ = {isa = PBXBuildFile; fileRef = A4C237F619C17BC30078E75C /* UIKit.framework */; };
		A4C2381C19C17BC30078E75C /* InfoPlist.strings in Resources */ = {isa = PBXBuildFile; fileRef = A4C2381A19C17BC30078E75C /* InfoPlist.strings */; };
		A4C2381E19C17BC30078E75C /* viewTutorialTests.m in Sources */ = {isa = PBXBuildFile; fileRef = A4C2381D19C17BC30078E75C /* viewTutorialTests.m */; };
/* End PBXBuildFile section */

/* Begin PBXContainerItemProxy section */
		A4C2381519C17BC30078E75C /* PBXContainerItemProxy */ = {
			isa = PBXContainerItemProxy;
			containerPortal = A4C237E719C17BC30078E75C /* Project object */;
			proxyType = 1;
			remoteGlobalIDString = A4C237EE19C17BC30078E75C;
			remoteInfo = viewTutorial;
		};
/* End PBXContainerItemProxy section */

/* Begin PBXFileReference section */
		A4C237EF19C17BC30078E75C /* viewTutorial.app */ = {isa = PBXFileReference; explicitFileType = wrapper.application; includeInIndex = 0; path = viewTutorial.app; sourceTree = BUILT_PRODUCTS_DIR; };
		A4C237F219C17BC30078E75C /* Foundation.framework */ = {isa = PBXFileReference; lastKnownFileType = wrapper.framework; name = Foundation.framework; path = System/Library/Frameworks/Foundation.framework; sourceTree = SDKROOT; };
		A4C237F419C17BC30078E75C /* CoreGraphics.framework */ = {isa = PBXFileReference; lastKnownFileType = wrapper.framework; name = CoreGraphics.framework; path = System/Library/Frameworks/CoreGraphics.framework; sourceTree = SDKROOT; };
		A4C237F619C17BC30078E75C /* UIKit.framework */ = {isa = PBXFileReference; lastKnownFileType = wrapper.framework; name = UIKit.framework; path = System/Library/Frameworks/UIKit.framework; sourceTree = SDKROOT; };
		A4C237FA19C17BC30078E75C /* viewTutorial-Info.plist */ = {isa = PBXFileReference; lastKnownFileType = text.plist.xml; path = "viewTutorial-Info.plist"; sourceTree = "<group>"; };
		A4C237FC19C17BC30078E75C /* en */ = {isa = PBXFileReference; lastKnownFileType = text.plist.strings; name = en; path = en.lproj/InfoPlist.strings; sourceTree = "<group>"; };
		A4C237FE19C17BC30078E75C /* main.m */ = {isa = PBXFileReference; lastKnownFileType = sourcecode.c.objc; path = main.m; sourceTree = "<group>"; };
		A4C2380019C17BC30078E75C /* viewTutorial-Prefix.pch */ = {isa = PBXFileReference; lastKnownFileType = sourcecode.c.h; path = "viewTutorial-Prefix.pch"; sourceTree = "<group>"; };
		A4C2380119C17BC30078E75C /* XWAppDelegate.h */ = {isa = PBXFileReference; lastKnownFileType = sourcecode.c.h; path = XWAppDelegate.h; sourceTree = "<group>"; };
		A4C2380219C17BC30078E75C /* XWAppDelegate.m */ = {isa = PBXFileReference; lastKnownFileType = sourcecode.c.objc; path = XWAppDelegate.m; sourceTree = "<group>"; };
		A4C2380519C17BC30078E75C /* Base */ = {isa = PBXFileReference; lastKnownFileType = file.storyboard; name = Base; path = Base.lproj/Main.storyboard; sourceTree = "<group>"; };
		A4C2380719C17BC30078E75C /* XWViewController.h */ = {isa = PBXFileReference; lastKnownFileType = sourcecode.c.h; path = XWViewController.h; sourceTree = "<group>"; };
		A4C2380819C17BC30078E75C /* XWViewController.m */ = {isa = PBXFileReference; lastKnownFileType = sourcecode.c.objc; path = XWViewController.m; sourceTree = "<group>"; };
		A4C2380A19C17BC30078E75C /* Images.xcassets */ = {isa = PBXFileReference; lastKnownFileType = folder.assetcatalog; path = Images.xcassets; sourceTree = "<group>"; };
		A4C2381019C17BC30078E75C /* viewTutorialTests.xctest */ = {isa = PBXFileReference; explicitFileType = wrapper.cfbundle; includeInIndex = 0; path = viewTutorialTests.xctest; sourceTree = BUILT_PRODUCTS_DIR; };
		A4C2381119C17BC30078E75C /* XCTest.framework */ = {isa = PBXFileReference; lastKnownFileType = wrapper.framework; name = XCTest.framework; path = Library/Frameworks/XCTest.framework; sourceTree = DEVELOPER_DIR; };
		A4C2381919C17BC30078E75C /* viewTutorialTests-Info.plist */ = {isa = PBXFileReference; lastKnownFileType = text.plist.xml; path = "viewTutorialTests-Info.plist"; sourceTree = "<group>"; };
		A4C2381B19C17BC30078E75C /* en */ = {isa = PBXFileReference; lastKnownFileType = text.plist.strings; name = en; path = en.lproj/InfoPlist.strings; sourceTree = "<group>"; };
		A4C2381D19C17BC30078E75C /* viewTutorialTests.m */ = {isa = PBXFileReference; lastKnownFileType = sourcecode.c.objc; path = viewTutorialTests.m; sourceTree = "<group>"; };
/* End PBXFileReference section */

/* Begin PBXFrameworksBuildPhase section */
		A4C237EC19C17BC30078E75C /* Frameworks */ = {
			isa = PBXFrameworksBuildPhase;
			buildActionMask = 2147483647;
			files = (
				A4C237F519C17BC30078E75C /* CoreGraphics.framework in Frameworks */,
				A4C237F719C17BC30078E75C /* UIKit.framework in Frameworks */,
				A4C237F319C17BC30078E75C /* Foundation.framework in Frameworks */,
			);
			runOnlyForDeploymentPostprocessing = 0;
		};
		A4C2380D19C17BC30078E75C /* Frameworks */ = {
			isa = PBXFrameworksBuildPhase;
			buildActionMask = 2147483647;
			files = (
				A4C2381219C17BC30078E75C /* XCTest.framework in Frameworks */,
				A4C2381419C17BC30078E75C /* UIKit.framework in Frameworks */,
				A4C2381319C17BC30078E75C /* Foundation.framework in Frameworks */,
			);
			runOnlyForDeploymentPostprocessing = 0;
		};
/* End PBXFrameworksBuildPhase section */

/* Begin PBXGroup section */
		A4C237E619C17BC30078E75C = {
			isa = PBXGroup;
			children = (
				A4C237F819C17BC30078E75C /* viewTutorial */,
				A4C2381719C17BC30078E75C /* viewTutorialTests */,
				A4C237F119C17BC30078E75C /* Frameworks */,
				A4C237F019C17BC30078E75C /* Products */,
			);
			sourceTree = "<group>";
		};
		A4C237F019C17BC30078E75C /* Products */ = {
			isa = PBXGroup;
			children = (
				A4C237EF19C17BC30078E75C /* viewTutorial.app */,
				A4C2381019C17BC30078E75C /* viewTutorialTests.xctest */,
			);
			name = Products;
			sourceTree = "<group>";
		};
		A4C237F119C17BC30078E75C /* Frameworks */ = {
			isa = PBXGroup;
			children = (
				A4C237F219C17BC30078E75C /* Foundation.framework */,
				A4C237F419C17BC30078E75C /* CoreGraphics.framework */,
				A4C237F619C17BC30078E75C /* UIKit.framework */,
				A4C2381119C17BC30078E75C /* XCTest.framework */,
			);
			name = Frameworks;
			sourceTree = "<group>";
		};
		A4C237F819C17BC30078E75C /* viewTutorial */ = {
			isa = PBXGroup;
			children = (
				A4C2380119C17BC30078E75C /* XWAppDelegate.h */,
				A4C2380219C17BC30078E75C /* XWAppDelegate.m */,
				A4C2380419C17BC30078E75C /* Main.storyboard */,
				A4C2380719C17BC30078E75C /* XWViewController.h */,
				A4C2380819C17BC30078E75C /* XWViewController.m */,
				A4C2380A19C17BC30078E75C /* Images.xcassets */,
				A4C237F919C17BC30078E75C /* Supporting Files */,
			);
			path = viewTutorial;
			sourceTree = "<group>";
		};
		A4C237F919C17BC30078E75C /* Supporting Files */ = {
			isa = PBXGroup;
			children = (
				A4C237FA19C17BC30078E75C /* viewTutorial-Info.plist */,
				A4C237FB19C17BC30078E75C /* InfoPlist.strings */,
				A4C237FE19C17BC30078E75C /* main.m */,
				A4C2380019C17BC30078E75C /* viewTutorial-Prefix.pch */,
			);
			name = "Supporting Files";
			sourceTree = "<group>";
		};
		A4C2381719C17BC30078E75C /* viewTutorialTests */ = {
			isa = PBXGroup;
			children = (
				A4C2381D19C17BC30078E75C /* viewTutorialTests.m */,
				A4C2381819C17BC30078E75C /* Supporting Files */,
			);
			path = viewTutorialTests;
			sourceTree = "<group>";
		};
		A4C2381819C17BC30078E75C /* Supporting Files */ = {
			isa = PBXGroup;
			children = (
				A4C2381919C17BC30078E75C /* viewTutorialTests-Info.plist */,
				A4C2381A19C17BC30078E75C /* InfoPlist.strings */,
			);
			name = "Supporting Files";
			sourceTree = "<group>";
		};
/* End PBXGroup section */

/* Begin PBXNativeTarget section */
		A4C237EE19C17BC30078E75C /* viewTutorial */ = {
			isa = PBXNativeTarget;
			buildConfigurationList = A4C2382119C17BC30078E75C /* Build configuration list for PBXNativeTarget "viewTutorial" */;
			buildPhases = (
				A4C237EB19C17BC30078E75C /* Sources */,
				A4C237EC19C17BC30078E75C /* Frameworks */,
				A4C237ED19C17BC30078E75C /* Resources */,
			);
			buildRules = (
			);
			dependencies = (
			);
			name = viewTutorial;
			productName = viewTutorial;
			productReference = A4C237EF19C17BC30078E75C /* viewTutorial.app */;
			productType = "com.apple.product-type.application";
		};
		A4C2380F19C17BC30078E75C /* viewTutorialTests */ = {
			isa = PBXNativeTarget;
			buildConfigurationList = A4C2382419C17BC30078E75C /* Build configuration list for PBXNativeTarget "viewTutorialTests" */;
			buildPhases = (
				A4C2380C19C17BC30078E75C /* Sources */,
				A4C2380D19C17BC30078E75C /* Frameworks */,
				A4C2380E19C17BC30078E75C /* Resources */,
			);
			buildRules = (
			);
			dependencies = (
				A4C2381619C17BC30078E75C /* PBXTargetDependency */,
			);
			name = viewTutorialTests;
			productName = viewTutorialTests;
			productReference = A4C2381019C17BC30078E75C /* viewTutorialTests.xctest */;
			productType = "com.apple.product-type.bundle.unit-test";
		};
/* End PBXNativeTarget section */

/* Begin PBXProject section */
		A4C237E719C17BC30078E75C /* Project object */ = {
			isa = PBXProject;
			attributes = {
				CLASSPREFIX = XW;
				LastUpgradeCheck = 0510;
				ORGANIZATIONNAME = "Xiaotian Wang";
				TargetAttributes = {
					A4C2380F19C17BC30078E75C = {
						TestTargetID = A4C237EE19C17BC30078E75C;
					};
				};
			};
			buildConfigurationList = A4C237EA19C17BC30078E75C /* Build configuration list for PBXProject "viewTutorial" */;
			compatibilityVersion = "Xcode 3.2";
			developmentRegion = English;
			hasScannedForEncodings = 0;
			knownRegions = (
				en,
				Base,
			);
			mainGroup = A4C237E619C17BC30078E75C;
			productRefGroup = A4C237F019C17BC30078E75C /* Products */;
			projectDirPath = "";
			projectRoot = "";
			targets = (
				A4C237EE19C17BC30078E75C /* viewTutorial */,
				A4C2380F19C17BC30078E75C /* viewTutorialTests */,
			);
		};
/* End PBXProject section */

/* Begin PBXResourcesBuildPhase section */
		A4C237ED19C17BC30078E75C /* Resources */ = {
			isa = PBXResourcesBuildPhase;
			buildActionMask = 2147483647;
			files = (
				A4C2380B19C17BC30078E75C /* Images.xcassets in Resources */,
				A4C237FD19C17BC30078E75C /* InfoPlist.strings in Resources */,
				A4C2380619C17BC30078E75C /* Main.storyboard in Resources */,
			);
			runOnlyForDeploymentPostprocessing = 0;
		};
		A4C2380E19C17BC30078E75C /* Resources */ = {
			isa = PBXResourcesBuildPhase;
			buildActionMask = 2147483647;
			files = (
				A4C2381C19C17BC30078E75C /* InfoPlist.strings in Resources */,
			);
			runOnlyForDeploymentPostprocessing = 0;
		};
/* End PBXResourcesBuildPhase section */

/* Begin PBXSourcesBuildPhase section */
		A4C237EB19C17BC30078E75C /* Sources */ = {
			isa = PBXSourcesBuildPhase;
			buildActionMask = 2147483647;
			files = (
				A4C237FF19C17BC30078E75C /* main.m in Sources */,
				A4C2380919C17BC30078E75C /* XWViewController.m in Sources */,
				A4C2380319C17BC30078E75C /* XWAppDelegate.m in Sources */,
			);
			runOnlyForDeploymentPostprocessing = 0;
		};
		A4C2380C19C17BC30078E75C /* Sources */ = {
			isa = PBXSourcesBuildPhase;
			buildActionMask = 2147483647;
			files = (
				A4C2381E19C17BC30078E75C /* viewTutorialTests.m in Sources */,
			);
			runOnlyForDeploymentPostprocessing = 0;
		};
/* End PBXSourcesBuildPhase section */

/* Begin PBXTargetDependency section */
		A4C2381619C17BC30078E75C /* PBXTargetDependency */ = {
			isa = PBXTargetDependency;
			target = A4C237EE19C17BC30078E75C /* viewTutorial */;
			targetProxy = A4C2381519C17BC30078E75C /* PBXContainerItemProxy */;
		};
/* End PBXTargetDependency section */

/* Begin PBXVariantGroup section */
		A4C237FB19C17BC30078E75C /* InfoPlist.strings */ = {
			isa = PBXVariantGroup;
			children = (
				A4C237FC19C17BC30078E75C /* en */,
			);
			name = InfoPlist.strings;
			sourceTree = "<group>";
		};
		A4C2380419C17BC30078E75C /* Main.storyboard */ = {
			isa = PBXVariantGroup;
			children = (
				A4C2380519C17BC30078E75C /* Base */,
			);
			name = Main.storyboard;
			sourceTree = "<group>";
		};
		A4C2381A19C17BC30078E75C /* InfoPlist.strings */ = {
			isa = PBXVariantGroup;
			children = (
				A4C2381B19C17BC30078E75C /* en */,
			);
			name = InfoPlist.strings;
			sourceTree = "<group>";
		};
/* End PBXVariantGroup section */

/* Begin XCBuildConfiguration section */
		A4C2381F19C17BC30078E75C /* Debug */ = {
			isa = XCBuildConfiguration;
			buildSettings = {
				ALWAYS_SEARCH_USER_PATHS = NO;
				CLANG_CXX_LANGUAGE_STANDARD = "gnu++0x";
				CLANG_CXX_LIBRARY = "libc++";
				CLANG_ENABLE_MODULES = YES;
				CLANG_ENABLE_OBJC_ARC = YES;
				CLANG_WARN_BOOL_CONVERSION = YES;
				CLANG_WARN_CONSTANT_CONVERSION = YES;
				CLANG_WARN_DIRECT_OBJC_ISA_USAGE = YES_ERROR;
				CLANG_WARN_EMPTY_BODY = YES;
				CLANG_WARN_ENUM_CONVERSION = YES;
				CLANG_WARN_INT_CONVERSION = YES;
				CLANG_WARN_OBJC_ROOT_CLASS = YES_ERROR;
				CLANG_WARN__DUPLICATE_METHOD_MATCH = YES;
				"CODE_SIGN_IDENTITY[sdk=iphoneos*]" = "iPhone Developer";
				COPY_PHASE_STRIP = NO;
				GCC_C_LANGUAGE_STANDARD = gnu99;
				GCC_DYNAMIC_NO_PIC = NO;
				GCC_OPTIMIZATION_LEVEL = 0;
				GCC_PREPROCESSOR_DEFINITIONS = (
					"DEBUG=1",
					"$(inherited)",
				);
				GCC_SYMBOLS_PRIVATE_EXTERN = NO;
				GCC_WARN_64_TO_32_BIT_CONVERSION = YES;
				GCC_WARN_ABOUT_RETURN_TYPE = YES_ERROR;
				GCC_WARN_UNDECLARED_SELECTOR = YES;
				GCC_WARN_UNINITIALIZED_AUTOS = YES_AGGRESSIVE;
				GCC_WARN_UNUSED_FUNCTION = YES;
				GCC_WARN_UNUSED_VARIABLE = YES;
				IPHONEOS_DEPLOYMENT_TARGET = 7.1;
				ONLY_ACTIVE_ARCH = YES;
				SDKROOT = iphoneos;
				TARGETED_DEVICE_FAMILY = 2;
			};
			name = Debug;
		};
		A4C2382019C17BC30078E75C /* Release */ = {
			isa = XCBuildConfiguration;
			buildSettings = {
				ALWAYS_SEARCH_USER_PATHS = NO;
				CLANG_CXX_LANGUAGE_STANDARD = "gnu++0x";
				CLANG_CXX_LIBRARY = "libc++";
				CLANG_ENABLE_MODULES = YES;
				CLANG_ENABLE_OBJC_ARC = YES;
				CLANG_WARN_BOOL_CONVERSION = YES;
				CLANG_WARN_CONSTANT_CONVERSION = YES;
				CLANG_WARN_DIRECT_OBJC_ISA_USAGE = YES_ERROR;
				CLANG_WARN_EMPTY_BODY = YES;
				CLANG_WARN_ENUM_CONVERSION = YES;
				CLANG_WARN_INT_CONVERSION = YES;
				CLANG_WARN_OBJC_ROOT_CLASS = YES_ERROR;
				CLANG_WARN__DUPLICATE_METHOD_MATCH = YES;
				"CODE_SIGN_IDENTITY[sdk=iphoneos*]" = "iPhone Developer";
				COPY_PHASE_STRIP = YES;
				ENABLE_NS_ASSERTIONS = NO;
				GCC_C_LANGUAGE_STANDARD = gnu99;
				GCC_WARN_64_TO_32_BIT_CONVERSION = YES;
				GCC_WARN_ABOUT_RETURN_TYPE = YES_ERROR;
				GCC_WARN_UNDECLARED_SELECTOR = YES;
				GCC_WARN_UNINITIALIZED_AUTOS = YES_AGGRESSIVE;
				GCC_WARN_UNUSED_FUNCTION = YES;
				GCC_WARN_UNUSED_VARIABLE = YES;
				IPHONEOS_DEPLOYMENT_TARGET = 7.1;
				SDKROOT = iphoneos;
				TARGETED_DEVICE_FAMILY = 2;
				VALIDATE_PRODUCT = YES;
			};
			name = Release;
		};
		A4C2382219C17BC30078E75C /* Debug */ = {
			isa = XCBuildConfiguration;
			buildSettings = {
				ASSETCATALOG_COMPILER_APPICON_NAME = AppIcon;
				ASSETCATALOG_COMPILER_LAUNCHIMAGE_NAME = LaunchImage;
				GCC_PRECOMPILE_PREFIX_HEADER = YES;
				GCC_PREFIX_HEADER = "viewTutorial/viewTutorial-Prefix.pch";
				INFOPLIST_FILE = "viewTutorial/viewTutorial-Info.plist";
				PRODUCT_NAME = "$(TARGET_NAME)";
				WRAPPER_EXTENSION = app;
			};
			name = Debug;
		};
		A4C2382319C17BC30078E75C /* Release */ = {
			isa = XCBuildConfiguration;
			buildSettings = {
				ASSETCATALOG_COMPILER_APPICON_NAME = AppIcon;
				ASSETCATALOG_COMPILER_LAUNCHIMAGE_NAME = LaunchImage;
				GCC_PRECOMPILE_PREFIX_HEADER = YES;
				GCC_PREFIX_HEADER = "viewTutorial/viewTutorial-Prefix.pch";
				INFOPLIST_FILE = "viewTutorial/viewTutorial-Info.plist";
				PRODUCT_NAME = "$(TARGET_NAME)";
				WRAPPER_EXTENSION = app;
			};
			name = Release;
		};
		A4C2382519C17BC30078E75C /* Debug */ = {
			isa = XCBuildConfiguration;
			buildSettings = {
				BUNDLE_LOADER = "$(BUILT_PRODUCTS_DIR)/viewTutorial.app/viewTutorial";
				FRAMEWORK_SEARCH_PATHS = (
					"$(SDKROOT)/Developer/Library/Frameworks",
					"$(inherited)",
					"$(DEVELOPER_FRAMEWORKS_DIR)",
				);
				GCC_PRECOMPILE_PREFIX_HEADER = YES;
				GCC_PREFIX_HEADER = "viewTutorial/viewTutorial-Prefix.pch";
				GCC_PREPROCESSOR_DEFINITIONS = (
					"DEBUG=1",
					"$(inherited)",
				);
				INFOPLIST_FILE = "viewTutorialTests/viewTutorialTests-Info.plist";
				PRODUCT_NAME = "$(TARGET_NAME)";
				TEST_HOST = "$(BUNDLE_LOADER)";
				WRAPPER_EXTENSION = xctest;
			};
			name = Debug;
		};
		A4C2382619C17BC30078E75C /* Release */ = {
			isa = XCBuildConfiguration;
			buildSettings = {
				BUNDLE_LOADER = "$(BUILT_PRODUCTS_DIR)/viewTutorial.app/viewTutorial";
				FRAMEWORK_SEARCH_PATHS = (
					"$(SDKROOT)/Developer/Library/Frameworks",
					"$(inherited)",
					"$(DEVELOPER_FRAMEWORKS_DIR)",
				);
				GCC_PRECOMPILE_PREFIX_HEADER = YES;
				GCC_PREFIX_HEADER = "viewTutorial/viewTutorial-Prefix.pch";
				INFOPLIST_FILE = "viewTutorialTests/viewTutorialTests-Info.plist";
				PRODUCT_NAME = "$(TARGET_NAME)";
				TEST_HOST = "$(BUNDLE_LOADER)";
				WRAPPER_EXTENSION = xctest;
			};
			name = Release;
		};
/* End XCBuildConfiguration section */

/* Begin XCConfigurationList section */
		A4C237EA19C17BC30078E75C /* Build configuration list for PBXProject "viewTutorial" */ = {
			isa = XCConfigurationList;
			buildConfigurations = (
				A4C2381F19C17BC30078E75C /* Debug */,
				A4C2382019C17BC30078E75C /* Release */,
			);
			defaultConfigurationIsVisible = 0;
			defaultConfigurationName = Release;
		};
		A4C2382119C17BC30078E75C /* Build configuration list for PBXNativeTarget "viewTutorial" */ = {
			isa = XCConfigurationList;
			buildConfigurations = (
				A4C2382219C17BC30078E75C /* Debug */,
				A4C2382319C17BC30078E75C /* Release */,
			);
			defaultConfigurationIsVisible = 0;
		};
		A4C2382419C17BC30078E75C /* Build configuration list for PBXNativeTarget "viewTutorialTests" */ = {
			isa = XCConfigurationList;
			buildConfigurations = (
				A4C2382519C17BC30078E75C /* Debug */,
				A4C2382619C17BC30078E75C /* Release */,
			);
			defaultConfigurationIsVisible = 0;
		};
/* End XCConfigurationList section */
	};
	rootObject = A4C237E719C17BC30078E75C /* Project object */;
}
